
Microsoft Visual Studio Solution File, Format Version 12.00
# Visual Studio Version 16
VisualStudioVersion = 16.0.31729.503
MinimumVisualStudioVersion = 10.0.40219.1
Project("{FAE04EC0-301F-11D3-BF4B-00C04F79EFBC}") = "LineComparision", "LineComparision\LineComparision.csproj", "{0306480C-D37C-4C24-8D1F-19832596B245}"
EndProject
Global
	GlobalSection(SolutionConfigurationPlatforms) = preSolution
		Debug|Any CPU = Debug|Any CPU
		Release|Any CPU = Release|Any CPU
	EndGlobalSection
	GlobalSection(ProjectConfigurationPlatforms) = postSolution
		{0306480C-D37C-4C24-8D1F-19832596B245}.Debug|Any CPU.ActiveCfg = Debug|Any CPU
		{0306480C-D37C-4C24-8D1F-19832596B245}.Debug|Any CPU.Build.0 = Debug|Any CPU
		{0306480C-D37C-4C24-8D1F-19832596B245}.Release|Any CPU.ActiveCfg = Release|Any CPU
		{0306480C-D37C-4C24-8D1F-19832596B245}.Release|Any CPU.Build.0 = Release|Any CPU
	EndGlobalSection
	GlobalSection(SolutionProperties) = preSolution
		HideSolutionNode = FALSE
	EndGlobalSection
	GlobalSection(ExtensibilityGlobals) = postSolution
		SolutionGuid = {7FCA1C5C-5144-42F6-8388-5A2101447EAA}
	EndGlobalSection
EndGlobal
